{
  "version": 4,
  "terraform_version": "1.6.6",
  "serial": 209,
  "lineage": "c8d63a90-637c-d330-18f1-9a0b5db8cd7f",
  "outputs": {
    "vm_server_instance_id": {
      "value": "i-0d564ad99dae6aa08",
      "type": "string"
    },
    "vm_server_instance_private_ip": {
      "value": "10.92.1.140",
      "type": "string"
    },
    "vm_server_instance_public_dns": {
      "value": "ec2-44-200-222-78.compute-1.amazonaws.com",
      "type": "string"
    },
    "vm_server_instance_public_ip": {
      "value": "44.200.222.78",
      "type": "string"
    }
  },
  "resources": [
    {
      "mode": "data",
      "type": "aws_ami",
      "name": "amazon-linux-2",
      "provider": "provider[\"registry.terraform.io/hashicorp/aws\"]",
      "instances": [
        {
          "schema_version": 0,
          "attributes": {
            "architecture": "x86_64",
            "arn": "arn:aws:ec2:us-east-1::image/ami-0591e1c6a24d08458",
            "block_device_mappings": [
              {
                "device_name": "/dev/xvda",
                "ebs": {
                  "delete_on_termination": "true",
                  "encrypted": "false",
                  "iops": "0",
                  "snapshot_id": "snap-05bdf05b3150efbe5",
                  "throughput": "0",
                  "volume_size": "8",
                  "volume_type": "gp2"
                },
                "no_device": "",
                "virtual_name": ""
              }
            ],
            "boot_mode": "",
            "creation_date": "2023-12-18T18:54:06.000Z",
            "deprecation_time": "2025-07-01T00:00:00.000Z",
            "description": "Amazon Linux 2 AMI 2.0.20231218.0 x86_64 HVM gp2",
            "ena_support": true,
            "executable_users": null,
            "filter": [
              {
                "name": "name",
                "values": [
                  "amzn2-ami-hvm*"
                ]
              }
            ],
            "hypervisor": "xen",
            "id": "ami-0591e1c6a24d08458",
            "image_id": "ami-0591e1c6a24d08458",
            "image_location": "amazon/amzn2-ami-hvm-2.0.20231218.0-x86_64-gp2",
            "image_owner_alias": "amazon",
            "image_type": "machine",
            "imds_support": "",
            "include_deprecated": false,
            "kernel_id": "",
            "most_recent": true,
            "name": "amzn2-ami-hvm-2.0.20231218.0-x86_64-gp2",
            "name_regex": null,
            "owner_id": "137112412989",
            "owners": [
              "amazon"
            ],
            "platform": "",
            "platform_details": "Linux/UNIX",
            "product_codes": [],
            "public": true,
            "ramdisk_id": "",
            "root_device_name": "/dev/xvda",
            "root_device_type": "ebs",
            "root_snapshot_id": "snap-05bdf05b3150efbe5",
            "sriov_net_support": "simple",
            "state": "available",
            "state_reason": {
              "code": "UNSET",
              "message": "UNSET"
            },
            "tags": {},
            "timeouts": null,
            "tpm_support": "",
            "usage_operation": "RunInstances",
            "virtualization_type": "hvm"
          },
          "sensitive_attributes": []
        }
      ]
    },
    {
      "mode": "managed",
      "type": "aws_ebs_volume",
      "name": "extra_disk",
      "provider": "provider[\"registry.terraform.io/hashicorp/aws\"]",
      "instances": [
        {
          "schema_version": 0,
          "attributes": {
            "arn": "arn:aws:ec2:us-east-1:880680561036:volume/vol-08532a6164b86e499",
            "availability_zone": "us-east-1c",
            "encrypted": true,
            "final_snapshot": false,
            "id": "vol-08532a6164b86e499",
            "iops": 3000,
            "kms_key_id": "arn:aws:kms:us-east-1:880680561036:key/62381a01-4bf6-4044-89ad-c53153884ea5",
            "multi_attach_enabled": false,
            "outpost_arn": "",
            "size": 10,
            "snapshot_id": "",
            "tags": null,
            "tags_all": {},
            "throughput": 125,
            "timeouts": null,
            "type": "gp3"
          },
          "sensitive_attributes": [],
          "private": "eyJlMmJmYjczMC1lY2FhLTExZTYtOGY4OC0zNDM2M2JjN2M0YzAiOnsiY3JlYXRlIjozMDAwMDAwMDAwMDAsImRlbGV0ZSI6MzAwMDAwMDAwMDAwLCJ1cGRhdGUiOjMwMDAwMDAwMDAwMH19",
          "dependencies": [
            "aws_key_pair.key_pair",
            "data.aws_ami.amazon-linux-2",
            "module.dmfl-security-group.aws_security_group.this",
            "module.dmfl-security-group.aws_security_group.this_name_prefix",
            "module.dmfl_vpc.aws_subnet.public",
            "module.dmfl_vpc.aws_vpc.this",
            "module.dmfl_vpc.aws_vpc_ipv4_cidr_block_association.this",
            "module.ec2-instance.aws_iam_instance_profile.this",
            "module.ec2-instance.aws_iam_role.this",
            "module.ec2-instance.aws_instance.ignore_ami",
            "module.ec2-instance.aws_instance.this",
            "module.ec2-instance.aws_spot_instance_request.this",
            "module.ec2-instance.data.aws_iam_policy_document.assume_role_policy",
            "module.ec2-instance.data.aws_partition.current",
            "module.ec2-instance.data.aws_ssm_parameter.this",
            "tls_private_key.key_pair"
          ]
        }
      ]
    },
    {
      "mode": "managed",
      "type": "aws_key_pair",
      "name": "key_pair",
      "provider": "provider[\"registry.terraform.io/hashicorp/aws\"]",
      "instances": [
        {
          "schema_version": 1,
          "attributes": {
            "arn": "arn:aws:ec2:us-east-1:880680561036:key-pair/dmfl-cloud-key-pair",
            "fingerprint": "03:67:b5:3a:57:de:45:14:3c:61:76:cd:9f:75:8a:f6",
            "id": "dmfl-cloud-key-pair",
            "key_name": "dmfl-cloud-key-pair",
            "key_name_prefix": "",
            "key_pair_id": "key-05526c1141d61e7ee",
            "key_type": "rsa",
            "public_key": "ssh-rsa AAAAB3NzaC1yc2EAAAADAQABAAACAQDIg68OaaWhOjfrK6EQvvtWv2zNKsmCUgpup0trWJa1afI4swKrKbTf91nxde0KQ/nFWVAeDfm79teg80PwBYNwPumFDHn5S1CLy0AUkn77yUcaXQfU+DHpNNh4vHE1hdu3lM5dF6y6qgVux7L1gmze5mkUbK+xVq3ao+tvFX5NQA/5Kg6sgz8yj6rasx4Se3hPB07IFes/fhOejtN9azbFUHaBuYN5yH1mPovrgrUYBojh+ddeVyqvmvOPdVz6tJBxE4epTy850jn9Mxc+3Fhx87nkhSXRYx4YQk++Kv9++701ag/BnjpIhlymmxHSi4Nyk+M2vXRh5CApYUv6wXB8QWJTib75UgOYHLCCNRzZDsQyzB5LP7dyoi978Y8S+Agn06ByuQqfEw7C+ToAOkUNOhDQaZDsu56QMUQO/nv4//K0LvSh/ILKbeDImHUm/VI/GVpznIo8apbWOROlnN+bzo0SMz+a3yStPbfaO/GLJaH4G1/iR1DkI82o/t/my5AGxpVm5hzGnA0arCJhSXfktdxPjw64fvQoHL4c2FMkx1hsMhdWwKolikofHDjGN5F13J2NQG7CrYdZsy6FPBOJ2wbuBbxMs91/NC51x1UFqdkOeX5qZOASHER/Jtbc/7wdf/Y9m0PXC8c+bzGEyTJR+yQXKinwnbYKVAbdcJW0Kw==",
            "tags": {},
            "tags_all": {}
          },
          "sensitive_attributes": [],
          "private": "eyJzY2hlbWFfdmVyc2lvbiI6IjEifQ==",
          "dependencies": [
            "tls_private_key.key_pair"
          ]
        }
      ]
    },
    {
      "mode": "managed",
      "type": "aws_volume_attachment",
      "name": "extra_disk",
      "provider": "provider[\"registry.terraform.io/hashicorp/aws\"]",
      "instances": [
        {
          "schema_version": 0,
          "attributes": {
            "device_name": "/dev/xvde",
            "force_detach": null,
            "id": "vai-517996781",
            "instance_id": "i-0d564ad99dae6aa08",
            "skip_destroy": null,
            "stop_instance_before_detaching": null,
            "timeouts": null,
            "volume_id": "vol-08532a6164b86e499"
          },
          "sensitive_attributes": [],
          "private": "eyJlMmJmYjczMC1lY2FhLTExZTYtOGY4OC0zNDM2M2JjN2M0YzAiOnsiY3JlYXRlIjozMDAwMDAwMDAwMDAsImRlbGV0ZSI6MzAwMDAwMDAwMDAwfX0=",
          "dependencies": [
            "aws_ebs_volume.extra_disk",
            "aws_key_pair.key_pair",
            "data.aws_ami.amazon-linux-2",
            "module.dmfl-security-group.aws_security_group.this",
            "module.dmfl-security-group.aws_security_group.this_name_prefix",
            "module.dmfl_vpc.aws_subnet.public",
            "module.dmfl_vpc.aws_vpc.this",
            "module.dmfl_vpc.aws_vpc_ipv4_cidr_block_association.this",
            "module.ec2-instance.aws_iam_instance_profile.this",
            "module.ec2-instance.aws_iam_role.this",
            "module.ec2-instance.aws_instance.ignore_ami",
            "module.ec2-instance.aws_instance.this",
            "module.ec2-instance.aws_spot_instance_request.this",
            "module.ec2-instance.data.aws_iam_policy_document.assume_role_policy",
            "module.ec2-instance.data.aws_partition.current",
            "module.ec2-instance.data.aws_ssm_parameter.this",
            "tls_private_key.key_pair"
          ]
        }
      ]
    },
    {
      "mode": "managed",
      "type": "local_file",
      "name": "ssh_key",
      "provider": "provider[\"registry.terraform.io/hashicorp/local\"]",
      "instances": [
        {
          "schema_version": 0,
          "attributes": {
            "content": "-----BEGIN RSA PRIVATE KEY-----\nMIIJKQIBAAKCAgEAyIOvDmmloTo36yuhEL77Vr9szSrJglIKbqdLa1iWtWnyOLMC\nqym03/dZ8XXtCkP5xVlQHg35u/bXoPND8AWDcD7phQx5+UtQi8tAFJJ++8lHGl0H\n1Pgx6TTYeLxxNYXbt5TOXResuqoFbsey9YJs3uZpFGyvsVat2qPrbxV+TUAP+SoO\nrIM/Mo+q2rMeEnt4TwdOyBXrP34Tno7TfWs2xVB2gbmDech9Zj6L64K1GAaI4fnX\nXlcqr5rzj3Vc+rSQcROHqU8vOdI5/TMXPtxYcfO55IUl0WMeGEJPvir/fvu9NWoP\nwZ46SIZcppsR0ouDcpPjNr10YeQgKWFL+sFwfEFiU4m++VIDmBywgjUc2Q7EMswe\nSz+3cqIve/GPEvgIJ9OgcrkKnxMOwvk6ADpFDToQ0GmQ7LuekDFEDv57+P/ytC70\nofyCym3gyJh1Jv1SPxlac5yKPGqW1jkTpZzfm86NEjM/mt8krT232jvxiyWh+Btf\n4kdQ5CPNqP7f5suQBsaVZuYcxpwNGqwiYUl35LXcT48OuH70KBy+HNhTJMdYbDIX\nVsCqJYpKHxw4xjeRddydjUBuwq2HWbMuhTwTidsG7gW8TLPdfzQudcdVBanZDnl+\namTgEhxEfybW3P+8HX/2PZtD1wvHPm8xhMkyUfskFyop8J22ClQG3XCVtCsCAwEA\nAQKCAgAhLYjdvaVmVBfEleeEudUkuW/rUtUc9y46uPvFu1bUlb86moQqhjAjju4X\nAghC1pSRjwGut2lHLMTpINdw87iX7hD9rt7P3SJqvyrPPJ4+U0OsnRAasSaxC8l1\n0Nh6nreIXNr4lF5EVLWpaum1resNxtpEQuefVFRYBR+Dte68IYmDFO5wpRbj6tm+\nbjzfmgaCLRdgDCBs1ROx/LgJ3J+nbnTtaiDTGdWGAXttcKc+XnZvzcNRHOM3Q1Bh\nwG2uHgp4a17bKPsLejmWJ8oE4LjRwh5ULaPgTaJBKVfAg6TbAhSArhgFVYUXUwQp\nnScJy4PohYfnGtoTCIg50Jud1jwiSCcFDYjstQ9GAsu95PZGR2N267w5/UgjnAWQ\nJ9tEiZ0bUG5yN0LkKR8cjjLNk+z8z2Km6XKbg//9zmKeiHROAIFn1EorIkd4EdWY\nzojaWH3mHpOhp7UFJFB/TgCsUM881CwmQqd1ZcPgHgsRQXAhoQ/e/0J/r0/w06lY\nGcJW9YErBljuLcl486vhSx8riqbbrSerkDXhyuRnRexD+i+sl0O0XIrVMclsylHz\n9oxahm/Lq3vXQ9wlImi1cxy6WwD0eqg5szJulA0IKhvjqO0u9qjW9auV7tWNf/Zr\n+tU05jXerJGS2N+6VGLtBwdzGJTXDGpxmHncQLu/X7v2xnw/wQKCAQEA1j3VrkEn\njqEqgiIb25adESDhywgJg++wWs1gvlM4sdxbzTII/5TLiBHtO0+tMmAv3l5WcuU0\nHj4iYXVQVG8XJGHnaopCq4UWzypSp1hTupXf/Ww9w/XqD3pyQUM52/u7MRmpnAb5\nZtp4frpKxj40YUd7GXlcHWUmGRQs/WhaRizPB6VpEbmf/nr9vY78p/xHuvz/P8gL\nD8vFnp7KeQKe+RmMiQ06zDCp6xlV1VTuEBC8cv3L7xRHDaEJDyt3SLFAxB+jnnrn\nd5mbBCjxirk3NGRanIMn+VG1RqH4f9RXby2shOx6RR/lCFEzUL/TwyJetA4yznMu\nURzY0S4Qzy3sEwKCAQEA75jlPskG+ZZ7Jx8M6GSimNcCdRE2FT/yh2EQNnVBv6nv\nBbqOOoUjPdr9RvLUDWeiDBr00JRfyfWV+5z1XHTKtANuG7dYshkgFuIGarMK8VTQ\ngigvWJA9vRc0sacx1TQCh4UanqP/HZtfGZF0WK2BnC9tQhPgHOX6lLroDhAhiRE9\nbE/rilzCZe6JjNRkfkxX21kckJZscrG6utoPROHhJQUXXkUWRkiaCMsH93eB99rz\nIFubLNKrQGMnqYgqkcJtdEc5IuKLtEuI/QcsrkhVNtp1w2zeRGE3l+EibrOVoa1k\nvddyEZ4oHohshk5TEKPWKd8TOJlHksKNHtxsQQPqiQKCAQEAvzv0t5V6/MqJih1u\nJmVbkEV8puFmtPlHvtWibGEWs1SSMShfddvYjX4K9y1Y2SWYtPIaUnabPf+SatHv\nwV5kFtq5WZVOi5HB2Wva2XtzSZKsnKZ4v6mLowNWZ0DdraoW3m4cwqRLDO8oLV6W\njjxKPycyD3wPqEF4b1xeCFiUdB1dM2MH1YWO9fXM9t5iUoRTduqL4N/sV845eSwe\naUPYqVuP4WoIuOkbUzqLLmCgG4EE5dP7rE26WsUKtBrFYAKwYCApybXFVTGseFsf\nuAc56q9FXn2IOfkgSYscqOXeoePwIbqALaGZrAHnP0XrfTv5stkVqsiPaGHKe3WW\nFYjVNwKCAQEAweqrT9+AB61lS0p0NfqNJsqOMJWXgidZcXx7lLfeWPN+gtJ0nqR2\n229MIooSWi8QFmAS2GXeCST9GMH2S7gy/vLvwPrpjGuNbzfMHbt/FcehYlaHy1Qi\nw9HuUgKR8I7BpVFzNAZjSmEf3R++XK9BAVnZQeu4LWttHccQXaFsovUTE4CzkC53\nH+yp4xNbqmS7jspWtico6sMx8Fzgks2GXWH7gc7Esmm8UXWRoxZUWHga4ouB0gtH\nkzstNKcCXSpRUBT9B2D31Rp1auTNotjkLxssyNhqJEnSptgN+C7c4hfmO0gOCHhK\n3DtqKmFmFUek5AqqEdrs9LkFYn7gFtbGkQKCAQAkjiJ0yeL8+Znod7tj8vmY6Bbf\n3IMfrUN5H+txjlHvc/vOtA8V3dOMEI8R+ETMnOgqlZH5m8LoyA0vqpC/o0N2BMJQ\nurec/uUk5ZlOdmoAjRQa/lAWdMM0ip7sSjYAb6efxSMJaEHq5DjT+V6udFPPOMcp\n8KTQrw8PRoStlR9RXaHJ8TJ/m64zri/aOhxv054KP+tiktKjt/vN2azVgJvmNLzO\nn6XW49+EF0sdfkpVF5IX0+Evl7f71NNkhHWNDhIDHrkU2bFDFsiX1qOkr+wWVLGy\nqSrKJ5iNe7yTtCQWYKt1nmJcOcnFsu9/vgAr/A1LU/Mqk2abPJ+1PCcUw+V2\n-----END RSA PRIVATE KEY-----\n",
            "content_base64": null,
            "content_base64sha256": "V8SexZsHZ59vNlBVXkih603SBCa5DDNAF1yNesXpnG4=",
            "content_base64sha512": "VsqtwcMzkg3EasTEf2o4t1/qC03/GgrZMxDwhQDboaLojUZKzXpLR76QcFt8tqjJ0f5gJZrNpEse2x+QYo8JEg==",
            "content_md5": "a25686398e8a49eb28cae0c98b921224",
            "content_sha1": "8a0e5c90c9fa6f38ec632d87716ab7e1387d6c7d",
            "content_sha256": "57c49ec59b07679f6f3650555e48a1eb4dd20426b90c3340175c8d7ac5e99c6e",
            "content_sha512": "56caadc1c333920dc46ac4c47f6a38b75fea0b4dff1a0ad93310f08500dba1a2e88d464acd7a4b47be90705b7cb6a8c9d1fe60259acda44b1edb1f90628f0912",
            "directory_permission": "0777",
            "file_permission": "0777",
            "filename": "dmfl-cloud-key-pair.pem",
            "id": "8a0e5c90c9fa6f38ec632d87716ab7e1387d6c7d",
            "sensitive_content": null,
            "source": null
          },
          "sensitive_attributes": [
            [
              {
                "type": "get_attr",
                "value": "content"
              }
            ]
          ],
          "dependencies": [
            "aws_key_pair.key_pair",
            "tls_private_key.key_pair"
          ]
        }
      ]
    },
    {
      "mode": "managed",
      "type": "tls_private_key",
      "name": "key_pair",
      "provider": "provider[\"registry.terraform.io/hashicorp/tls\"]",
      "instances": [
        {
          "schema_version": 1,
          "attributes": {
            "algorithm": "RSA",
            "ecdsa_curve": "P224",
            "id": "3c76c583395d5a0c0fc2e0ae492999d9a9213d06",
            "private_key_openssh": "-----BEGIN OPENSSH PRIVATE KEY-----\nb3BlbnNzaC1rZXktdjEAAAAABG5vbmUAAAAEbm9uZQAAAAAAAAABAAACFwAAAAdz\nc2gtcnNhAAAAAwEAAQAAAgEAyIOvDmmloTo36yuhEL77Vr9szSrJglIKbqdLa1iW\ntWnyOLMCqym03/dZ8XXtCkP5xVlQHg35u/bXoPND8AWDcD7phQx5+UtQi8tAFJJ+\n+8lHGl0H1Pgx6TTYeLxxNYXbt5TOXResuqoFbsey9YJs3uZpFGyvsVat2qPrbxV+\nTUAP+SoOrIM/Mo+q2rMeEnt4TwdOyBXrP34Tno7TfWs2xVB2gbmDech9Zj6L64K1\nGAaI4fnXXlcqr5rzj3Vc+rSQcROHqU8vOdI5/TMXPtxYcfO55IUl0WMeGEJPvir/\nfvu9NWoPwZ46SIZcppsR0ouDcpPjNr10YeQgKWFL+sFwfEFiU4m++VIDmBywgjUc\n2Q7EMsweSz+3cqIve/GPEvgIJ9OgcrkKnxMOwvk6ADpFDToQ0GmQ7LuekDFEDv57\n+P/ytC70ofyCym3gyJh1Jv1SPxlac5yKPGqW1jkTpZzfm86NEjM/mt8krT232jvx\niyWh+Btf4kdQ5CPNqP7f5suQBsaVZuYcxpwNGqwiYUl35LXcT48OuH70KBy+HNhT\nJMdYbDIXVsCqJYpKHxw4xjeRddydjUBuwq2HWbMuhTwTidsG7gW8TLPdfzQudcdV\nBanZDnl+amTgEhxEfybW3P+8HX/2PZtD1wvHPm8xhMkyUfskFyop8J22ClQG3XCV\ntCsAAAc49rwazPa8GswAAAAHc3NoLXJzYQAAAgEAyIOvDmmloTo36yuhEL77Vr9s\nzSrJglIKbqdLa1iWtWnyOLMCqym03/dZ8XXtCkP5xVlQHg35u/bXoPND8AWDcD7p\nhQx5+UtQi8tAFJJ++8lHGl0H1Pgx6TTYeLxxNYXbt5TOXResuqoFbsey9YJs3uZp\nFGyvsVat2qPrbxV+TUAP+SoOrIM/Mo+q2rMeEnt4TwdOyBXrP34Tno7TfWs2xVB2\ngbmDech9Zj6L64K1GAaI4fnXXlcqr5rzj3Vc+rSQcROHqU8vOdI5/TMXPtxYcfO5\n5IUl0WMeGEJPvir/fvu9NWoPwZ46SIZcppsR0ouDcpPjNr10YeQgKWFL+sFwfEFi\nU4m++VIDmBywgjUc2Q7EMsweSz+3cqIve/GPEvgIJ9OgcrkKnxMOwvk6ADpFDToQ\n0GmQ7LuekDFEDv57+P/ytC70ofyCym3gyJh1Jv1SPxlac5yKPGqW1jkTpZzfm86N\nEjM/mt8krT232jvxiyWh+Btf4kdQ5CPNqP7f5suQBsaVZuYcxpwNGqwiYUl35LXc\nT48OuH70KBy+HNhTJMdYbDIXVsCqJYpKHxw4xjeRddydjUBuwq2HWbMuhTwTidsG\n7gW8TLPdfzQudcdVBanZDnl+amTgEhxEfybW3P+8HX/2PZtD1wvHPm8xhMkyUfsk\nFyop8J22ClQG3XCVtCsAAAADAQABAAACACEtiN29pWZUF8SV54S51SS5b+tS1Rz3\nLjq4+8W7VtSVvzqahCqGMCOO7hcCCELWlJGPAa63aUcsxOkg13DzuJfuEP2u3s/d\nImq/Ks88nj5TQ6ydEBqxJrELyXXQ2Hqet4hc2viUXkRUtalq6bWt6w3G2kRC559U\nVFgFH4O17rwhiYMU7nClFuPq2b5uPN+aBoItF2AMIGzVE7H8uAncn6dudO1qINMZ\n1YYBe21wpz5edm/Nw1Ec4zdDUGHAba4eCnhrXtso+wt6OZYnygTguNHCHlQto+BN\nokEpV8CDpNsCFICuGAVVhRdTBCmdJwnLg+iFh+ca2hMIiDnQm53WPCJIJwUNiOy1\nD0YCy73k9kZHY3brvDn9SCOcBZAn20SJnRtQbnI3QuQpHxyOMs2T7PzPYqbpcpuD\n//3OYp6IdE4AgWfUSisiR3gR1ZjOiNpYfeYek6GntQUkUH9OAKxQzzzULCZCp3Vl\nw+AeCxFBcCGhD97/Qn+vT/DTqVgZwlb1gSsGWO4tyXjzq+FLHyuKptutJ6uQNeHK\n5GdF7EP6L6yXQ7RcitUxyWzKUfP2jFqGb8ure9dD3CUiaLVzHLpbAPR6qDmzMm6U\nDQgqG+Oo7S72qNb1q5Xu1Y1/9mv61TTmNd6skZLY37pUYu0HB3MYlNcManGYedxA\nu79fu/bGfD/BAAABACSOInTJ4vz5meh3u2Py+ZjoFt/cgx+tQ3kf63GOUe9z+860\nDxXd04wQjxH4RMyc6CqVkfmbwujIDS+qkL+jQ3YEwlC6t5z+5STlmU52agCNFBr+\nUBZ0wzSKnuxKNgBvp5/FIwloQerkONP5Xq50U884xynwpNCvDw9GhK2VH1Fdocnx\nMn+brjOuL9o6HG/Tngo/62KS0qO3+83ZrNWAm+Y0vM6fpdbj34QXSx1+SlUXkhfT\n4S+Xt/vU02SEdY0OEgMeuRTZsUMWyJfWo6Sv7BZUsbKpKsonmI17vJO0JBZgq3We\nYlw5ycWy73++ACv8DUtT8yqTZps8n7U8JxTD5XYAAAEBANY91a5BJ46hKoIiG9uW\nnREg4csICYPvsFrNYL5TOLHcW80yCP+Uy4gR7TtPrTJgL95eVnLlNB4+ImF1UFRv\nFyRh52qKQquFFs8qUqdYU7qV3/1sPcP16g96ckFDOdv7uzEZqZwG+WbaeH66SsY+\nNGFHexl5XB1lJhkULP1oWkYszwelaRG5n/56/b2O/Kf8R7r8/z/ICw/LxZ6eynkC\nnvkZjIkNOswwqesZVdVU7hAQvHL9y+8URw2hCQ8rd0ixQMQfo55653eZmwQo8Yq5\nNzRkWpyDJ/lRtUah+H/UV28trITsekUf5QhRM1C/08MiXrQOMs5zLlEc2NEuEM8t\n7BMAAAEBAO+Y5T7JBvmWeycfDOhkopjXAnURNhU/8odhEDZ1Qb+p7wW6jjqFIz3a\n/Uby1A1nogwa9NCUX8n1lfuc9Vx0yrQDbhu3WLIZIBbiBmqzCvFU0IIoL1iQPb0X\nNLGnMdU0AoeFGp6j/x2bXxmRdFitgZwvbUIT4Bzl+pS66A4QIYkRPWxP64pcwmXu\niYzUZH5MV9tZHJCWbHKxurraD0Th4SUFF15FFkZImgjLB/d3gffa8yBbmyzSq0Bj\nJ6mIKpHCbXRHOSLii7RLiP0HLK5IVTbadcNs3kRhN5fhIm6zlaGtZL3XchGeKB6I\nbIZOUxCj1infEziZR5LCjR7cbEED6okAAAAAAQID\n-----END OPENSSH PRIVATE KEY-----\n",
            "private_key_pem": "-----BEGIN RSA PRIVATE KEY-----\nMIIJKQIBAAKCAgEAyIOvDmmloTo36yuhEL77Vr9szSrJglIKbqdLa1iWtWnyOLMC\nqym03/dZ8XXtCkP5xVlQHg35u/bXoPND8AWDcD7phQx5+UtQi8tAFJJ++8lHGl0H\n1Pgx6TTYeLxxNYXbt5TOXResuqoFbsey9YJs3uZpFGyvsVat2qPrbxV+TUAP+SoO\nrIM/Mo+q2rMeEnt4TwdOyBXrP34Tno7TfWs2xVB2gbmDech9Zj6L64K1GAaI4fnX\nXlcqr5rzj3Vc+rSQcROHqU8vOdI5/TMXPtxYcfO55IUl0WMeGEJPvir/fvu9NWoP\nwZ46SIZcppsR0ouDcpPjNr10YeQgKWFL+sFwfEFiU4m++VIDmBywgjUc2Q7EMswe\nSz+3cqIve/GPEvgIJ9OgcrkKnxMOwvk6ADpFDToQ0GmQ7LuekDFEDv57+P/ytC70\nofyCym3gyJh1Jv1SPxlac5yKPGqW1jkTpZzfm86NEjM/mt8krT232jvxiyWh+Btf\n4kdQ5CPNqP7f5suQBsaVZuYcxpwNGqwiYUl35LXcT48OuH70KBy+HNhTJMdYbDIX\nVsCqJYpKHxw4xjeRddydjUBuwq2HWbMuhTwTidsG7gW8TLPdfzQudcdVBanZDnl+\namTgEhxEfybW3P+8HX/2PZtD1wvHPm8xhMkyUfskFyop8J22ClQG3XCVtCsCAwEA\nAQKCAgAhLYjdvaVmVBfEleeEudUkuW/rUtUc9y46uPvFu1bUlb86moQqhjAjju4X\nAghC1pSRjwGut2lHLMTpINdw87iX7hD9rt7P3SJqvyrPPJ4+U0OsnRAasSaxC8l1\n0Nh6nreIXNr4lF5EVLWpaum1resNxtpEQuefVFRYBR+Dte68IYmDFO5wpRbj6tm+\nbjzfmgaCLRdgDCBs1ROx/LgJ3J+nbnTtaiDTGdWGAXttcKc+XnZvzcNRHOM3Q1Bh\nwG2uHgp4a17bKPsLejmWJ8oE4LjRwh5ULaPgTaJBKVfAg6TbAhSArhgFVYUXUwQp\nnScJy4PohYfnGtoTCIg50Jud1jwiSCcFDYjstQ9GAsu95PZGR2N267w5/UgjnAWQ\nJ9tEiZ0bUG5yN0LkKR8cjjLNk+z8z2Km6XKbg//9zmKeiHROAIFn1EorIkd4EdWY\nzojaWH3mHpOhp7UFJFB/TgCsUM881CwmQqd1ZcPgHgsRQXAhoQ/e/0J/r0/w06lY\nGcJW9YErBljuLcl486vhSx8riqbbrSerkDXhyuRnRexD+i+sl0O0XIrVMclsylHz\n9oxahm/Lq3vXQ9wlImi1cxy6WwD0eqg5szJulA0IKhvjqO0u9qjW9auV7tWNf/Zr\n+tU05jXerJGS2N+6VGLtBwdzGJTXDGpxmHncQLu/X7v2xnw/wQKCAQEA1j3VrkEn\njqEqgiIb25adESDhywgJg++wWs1gvlM4sdxbzTII/5TLiBHtO0+tMmAv3l5WcuU0\nHj4iYXVQVG8XJGHnaopCq4UWzypSp1hTupXf/Ww9w/XqD3pyQUM52/u7MRmpnAb5\nZtp4frpKxj40YUd7GXlcHWUmGRQs/WhaRizPB6VpEbmf/nr9vY78p/xHuvz/P8gL\nD8vFnp7KeQKe+RmMiQ06zDCp6xlV1VTuEBC8cv3L7xRHDaEJDyt3SLFAxB+jnnrn\nd5mbBCjxirk3NGRanIMn+VG1RqH4f9RXby2shOx6RR/lCFEzUL/TwyJetA4yznMu\nURzY0S4Qzy3sEwKCAQEA75jlPskG+ZZ7Jx8M6GSimNcCdRE2FT/yh2EQNnVBv6nv\nBbqOOoUjPdr9RvLUDWeiDBr00JRfyfWV+5z1XHTKtANuG7dYshkgFuIGarMK8VTQ\ngigvWJA9vRc0sacx1TQCh4UanqP/HZtfGZF0WK2BnC9tQhPgHOX6lLroDhAhiRE9\nbE/rilzCZe6JjNRkfkxX21kckJZscrG6utoPROHhJQUXXkUWRkiaCMsH93eB99rz\nIFubLNKrQGMnqYgqkcJtdEc5IuKLtEuI/QcsrkhVNtp1w2zeRGE3l+EibrOVoa1k\nvddyEZ4oHohshk5TEKPWKd8TOJlHksKNHtxsQQPqiQKCAQEAvzv0t5V6/MqJih1u\nJmVbkEV8puFmtPlHvtWibGEWs1SSMShfddvYjX4K9y1Y2SWYtPIaUnabPf+SatHv\nwV5kFtq5WZVOi5HB2Wva2XtzSZKsnKZ4v6mLowNWZ0DdraoW3m4cwqRLDO8oLV6W\njjxKPycyD3wPqEF4b1xeCFiUdB1dM2MH1YWO9fXM9t5iUoRTduqL4N/sV845eSwe\naUPYqVuP4WoIuOkbUzqLLmCgG4EE5dP7rE26WsUKtBrFYAKwYCApybXFVTGseFsf\nuAc56q9FXn2IOfkgSYscqOXeoePwIbqALaGZrAHnP0XrfTv5stkVqsiPaGHKe3WW\nFYjVNwKCAQEAweqrT9+AB61lS0p0NfqNJsqOMJWXgidZcXx7lLfeWPN+gtJ0nqR2\n229MIooSWi8QFmAS2GXeCST9GMH2S7gy/vLvwPrpjGuNbzfMHbt/FcehYlaHy1Qi\nw9HuUgKR8I7BpVFzNAZjSmEf3R++XK9BAVnZQeu4LWttHccQXaFsovUTE4CzkC53\nH+yp4xNbqmS7jspWtico6sMx8Fzgks2GXWH7gc7Esmm8UXWRoxZUWHga4ouB0gtH\nkzstNKcCXSpRUBT9B2D31Rp1auTNotjkLxssyNhqJEnSptgN+C7c4hfmO0gOCHhK\n3DtqKmFmFUek5AqqEdrs9LkFYn7gFtbGkQKCAQAkjiJ0yeL8+Znod7tj8vmY6Bbf\n3IMfrUN5H+txjlHvc/vOtA8V3dOMEI8R+ETMnOgqlZH5m8LoyA0vqpC/o0N2BMJQ\nurec/uUk5ZlOdmoAjRQa/lAWdMM0ip7sSjYAb6efxSMJaEHq5DjT+V6udFPPOMcp\n8KTQrw8PRoStlR9RXaHJ8TJ/m64zri/aOhxv054KP+tiktKjt/vN2azVgJvmNLzO\nn6XW49+EF0sdfkpVF5IX0+Evl7f71NNkhHWNDhIDHrkU2bFDFsiX1qOkr+wWVLGy\nqSrKJ5iNe7yTtCQWYKt1nmJcOcnFsu9/vgAr/A1LU/Mqk2abPJ+1PCcUw+V2\n-----END RSA PRIVATE KEY-----\n",
            "private_key_pem_pkcs8": "-----BEGIN PRIVATE KEY-----\nMIIJQwIBADANBgkqhkiG9w0BAQEFAASCCS0wggkpAgEAAoICAQDIg68OaaWhOjfr\nK6EQvvtWv2zNKsmCUgpup0trWJa1afI4swKrKbTf91nxde0KQ/nFWVAeDfm79teg\n80PwBYNwPumFDHn5S1CLy0AUkn77yUcaXQfU+DHpNNh4vHE1hdu3lM5dF6y6qgVu\nx7L1gmze5mkUbK+xVq3ao+tvFX5NQA/5Kg6sgz8yj6rasx4Se3hPB07IFes/fhOe\njtN9azbFUHaBuYN5yH1mPovrgrUYBojh+ddeVyqvmvOPdVz6tJBxE4epTy850jn9\nMxc+3Fhx87nkhSXRYx4YQk++Kv9++701ag/BnjpIhlymmxHSi4Nyk+M2vXRh5CAp\nYUv6wXB8QWJTib75UgOYHLCCNRzZDsQyzB5LP7dyoi978Y8S+Agn06ByuQqfEw7C\n+ToAOkUNOhDQaZDsu56QMUQO/nv4//K0LvSh/ILKbeDImHUm/VI/GVpznIo8apbW\nOROlnN+bzo0SMz+a3yStPbfaO/GLJaH4G1/iR1DkI82o/t/my5AGxpVm5hzGnA0a\nrCJhSXfktdxPjw64fvQoHL4c2FMkx1hsMhdWwKolikofHDjGN5F13J2NQG7CrYdZ\nsy6FPBOJ2wbuBbxMs91/NC51x1UFqdkOeX5qZOASHER/Jtbc/7wdf/Y9m0PXC8c+\nbzGEyTJR+yQXKinwnbYKVAbdcJW0KwIDAQABAoICACEtiN29pWZUF8SV54S51SS5\nb+tS1Rz3Ljq4+8W7VtSVvzqahCqGMCOO7hcCCELWlJGPAa63aUcsxOkg13DzuJfu\nEP2u3s/dImq/Ks88nj5TQ6ydEBqxJrELyXXQ2Hqet4hc2viUXkRUtalq6bWt6w3G\n2kRC559UVFgFH4O17rwhiYMU7nClFuPq2b5uPN+aBoItF2AMIGzVE7H8uAncn6du\ndO1qINMZ1YYBe21wpz5edm/Nw1Ec4zdDUGHAba4eCnhrXtso+wt6OZYnygTguNHC\nHlQto+BNokEpV8CDpNsCFICuGAVVhRdTBCmdJwnLg+iFh+ca2hMIiDnQm53WPCJI\nJwUNiOy1D0YCy73k9kZHY3brvDn9SCOcBZAn20SJnRtQbnI3QuQpHxyOMs2T7PzP\nYqbpcpuD//3OYp6IdE4AgWfUSisiR3gR1ZjOiNpYfeYek6GntQUkUH9OAKxQzzzU\nLCZCp3Vlw+AeCxFBcCGhD97/Qn+vT/DTqVgZwlb1gSsGWO4tyXjzq+FLHyuKptut\nJ6uQNeHK5GdF7EP6L6yXQ7RcitUxyWzKUfP2jFqGb8ure9dD3CUiaLVzHLpbAPR6\nqDmzMm6UDQgqG+Oo7S72qNb1q5Xu1Y1/9mv61TTmNd6skZLY37pUYu0HB3MYlNcM\nanGYedxAu79fu/bGfD/BAoIBAQDWPdWuQSeOoSqCIhvblp0RIOHLCAmD77BazWC+\nUzix3FvNMgj/lMuIEe07T60yYC/eXlZy5TQePiJhdVBUbxckYedqikKrhRbPKlKn\nWFO6ld/9bD3D9eoPenJBQznb+7sxGamcBvlm2nh+ukrGPjRhR3sZeVwdZSYZFCz9\naFpGLM8HpWkRuZ/+ev29jvyn/Ee6/P8/yAsPy8Wensp5Ap75GYyJDTrMMKnrGVXV\nVO4QELxy/cvvFEcNoQkPK3dIsUDEH6Oeeud3mZsEKPGKuTc0ZFqcgyf5UbVGofh/\n1FdvLayE7HpFH+UIUTNQv9PDIl60DjLOcy5RHNjRLhDPLewTAoIBAQDvmOU+yQb5\nlnsnHwzoZKKY1wJ1ETYVP/KHYRA2dUG/qe8Fuo46hSM92v1G8tQNZ6IMGvTQlF/J\n9ZX7nPVcdMq0A24bt1iyGSAW4gZqswrxVNCCKC9YkD29FzSxpzHVNAKHhRqeo/8d\nm18ZkXRYrYGcL21CE+Ac5fqUuugOECGJET1sT+uKXMJl7omM1GR+TFfbWRyQlmxy\nsbq62g9E4eElBRdeRRZGSJoIywf3d4H32vMgW5ss0qtAYyepiCqRwm10Rzki4ou0\nS4j9ByyuSFU22nXDbN5EYTeX4SJus5WhrWS913IRnigeiGyGTlMQo9Yp3xM4mUeS\nwo0e3GxBA+qJAoIBAQC/O/S3lXr8yomKHW4mZVuQRXym4Wa0+Ue+1aJsYRazVJIx\nKF9129iNfgr3LVjZJZi08hpSdps9/5Jq0e/BXmQW2rlZlU6LkcHZa9rZe3NJkqyc\npni/qYujA1ZnQN2tqhbebhzCpEsM7ygtXpaOPEo/JzIPfA+oQXhvXF4IWJR0HV0z\nYwfVhY719cz23mJShFN26ovg3+xXzjl5LB5pQ9ipW4/hagi46RtTOosuYKAbgQTl\n0/usTbpaxQq0GsVgArBgICnJtcVVMax4Wx+4Bznqr0VefYg5+SBJixyo5d6h4/Ah\nuoAtoZmsAec/Ret9O/my2RWqyI9oYcp7dZYViNU3AoIBAQDB6qtP34AHrWVLSnQ1\n+o0myo4wlZeCJ1lxfHuUt95Y836C0nSepHbbb0wiihJaLxAWYBLYZd4JJP0YwfZL\nuDL+8u/A+umMa41vN8wdu38Vx6FiVofLVCLD0e5SApHwjsGlUXM0BmNKYR/dH75c\nr0EBWdlB67gta20dxxBdoWyi9RMTgLOQLncf7KnjE1uqZLuOyla2JyjqwzHwXOCS\nzYZdYfuBzsSyabxRdZGjFlRYeBrii4HSC0eTOy00pwJdKlFQFP0HYPfVGnVq5M2i\n2OQvGyzI2GokSdKm2A34LtziF+Y7SA4IeErcO2oqYWYVR6TkCqoR2uz0uQVifuAW\n1saRAoIBACSOInTJ4vz5meh3u2Py+ZjoFt/cgx+tQ3kf63GOUe9z+860DxXd04wQ\njxH4RMyc6CqVkfmbwujIDS+qkL+jQ3YEwlC6t5z+5STlmU52agCNFBr+UBZ0wzSK\nnuxKNgBvp5/FIwloQerkONP5Xq50U884xynwpNCvDw9GhK2VH1FdocnxMn+brjOu\nL9o6HG/Tngo/62KS0qO3+83ZrNWAm+Y0vM6fpdbj34QXSx1+SlUXkhfT4S+Xt/vU\n02SEdY0OEgMeuRTZsUMWyJfWo6Sv7BZUsbKpKsonmI17vJO0JBZgq3WeYlw5ycWy\n73++ACv8DUtT8yqTZps8n7U8JxTD5XY=\n-----END PRIVATE KEY-----\n",
            "public_key_fingerprint_md5": "4f:11:c5:84:28:19:53:c3:b1:38:c1:8e:53:7e:45:55",
            "public_key_fingerprint_sha256": "SHA256:cQ1yMLLHfbve3X0ahvPjIGerD7aH6a0qh4j3xBcysvA",
            "public_key_openssh": "ssh-rsa AAAAB3NzaC1yc2EAAAADAQABAAACAQDIg68OaaWhOjfrK6EQvvtWv2zNKsmCUgpup0trWJa1afI4swKrKbTf91nxde0KQ/nFWVAeDfm79teg80PwBYNwPumFDHn5S1CLy0AUkn77yUcaXQfU+DHpNNh4vHE1hdu3lM5dF6y6qgVux7L1gmze5mkUbK+xVq3ao+tvFX5NQA/5Kg6sgz8yj6rasx4Se3hPB07IFes/fhOejtN9azbFUHaBuYN5yH1mPovrgrUYBojh+ddeVyqvmvOPdVz6tJBxE4epTy850jn9Mxc+3Fhx87nkhSXRYx4YQk++Kv9++701ag/BnjpIhlymmxHSi4Nyk+M2vXRh5CApYUv6wXB8QWJTib75UgOYHLCCNRzZDsQyzB5LP7dyoi978Y8S+Agn06ByuQqfEw7C+ToAOkUNOhDQaZDsu56QMUQO/nv4//K0LvSh/ILKbeDImHUm/VI/GVpznIo8apbWOROlnN+bzo0SMz+a3yStPbfaO/GLJaH4G1/iR1DkI82o/t/my5AGxpVm5hzGnA0arCJhSXfktdxPjw64fvQoHL4c2FMkx1hsMhdWwKolikofHDjGN5F13J2NQG7CrYdZsy6FPBOJ2wbuBbxMs91/NC51x1UFqdkOeX5qZOASHER/Jtbc/7wdf/Y9m0PXC8c+bzGEyTJR+yQXKinwnbYKVAbdcJW0Kw==\n",
            "public_key_pem": "-----BEGIN PUBLIC KEY-----\nMIICIjANBgkqhkiG9w0BAQEFAAOCAg8AMIICCgKCAgEAyIOvDmmloTo36yuhEL77\nVr9szSrJglIKbqdLa1iWtWnyOLMCqym03/dZ8XXtCkP5xVlQHg35u/bXoPND8AWD\ncD7phQx5+UtQi8tAFJJ++8lHGl0H1Pgx6TTYeLxxNYXbt5TOXResuqoFbsey9YJs\n3uZpFGyvsVat2qPrbxV+TUAP+SoOrIM/Mo+q2rMeEnt4TwdOyBXrP34Tno7TfWs2\nxVB2gbmDech9Zj6L64K1GAaI4fnXXlcqr5rzj3Vc+rSQcROHqU8vOdI5/TMXPtxY\ncfO55IUl0WMeGEJPvir/fvu9NWoPwZ46SIZcppsR0ouDcpPjNr10YeQgKWFL+sFw\nfEFiU4m++VIDmBywgjUc2Q7EMsweSz+3cqIve/GPEvgIJ9OgcrkKnxMOwvk6ADpF\nDToQ0GmQ7LuekDFEDv57+P/ytC70ofyCym3gyJh1Jv1SPxlac5yKPGqW1jkTpZzf\nm86NEjM/mt8krT232jvxiyWh+Btf4kdQ5CPNqP7f5suQBsaVZuYcxpwNGqwiYUl3\n5LXcT48OuH70KBy+HNhTJMdYbDIXVsCqJYpKHxw4xjeRddydjUBuwq2HWbMuhTwT\nidsG7gW8TLPdfzQudcdVBanZDnl+amTgEhxEfybW3P+8HX/2PZtD1wvHPm8xhMky\nUfskFyop8J22ClQG3XCVtCsCAwEAAQ==\n-----END PUBLIC KEY-----\n",
            "rsa_bits": 4096
          },
          "sensitive_attributes": []
        }
      ]
    },
    {
      "module": "module.dmfl-security-group",
      "mode": "managed",
      "type": "aws_security_group",
      "name": "this_name_prefix",
      "provider": "provider[\"registry.terraform.io/hashicorp/aws\"]",
      "instances": [
        {
          "index_key": 0,
          "schema_version": 1,
          "attributes": {
            "arn": "arn:aws:ec2:us-east-1:880680561036:security-group/sg-09dad35157727230d",
            "description": "Security Group managed by Terraform",
            "egress": [
              {
                "cidr_blocks": [
                  "0.0.0.0/0"
                ],
                "description": "",
                "from_port": 0,
                "ipv6_cidr_blocks": [],
                "prefix_list_ids": [],
                "protocol": "-1",
                "security_groups": [],
                "self": false,
                "to_port": 0
              }
            ],
            "id": "sg-09dad35157727230d",
            "ingress": [
              {
                "cidr_blocks": [
                  "0.0.0.0/0"
                ],
                "description": "SSH",
                "from_port": 22,
                "ipv6_cidr_blocks": [],
                "prefix_list_ids": [],
                "protocol": "tcp",
                "security_groups": [],
                "self": false,
                "to_port": 22
              }
            ],
            "name": "dmfl-sg-20231231044815549700000001",
            "name_prefix": "dmfl-sg-",
            "owner_id": "880680561036",
            "revoke_rules_on_delete": false,
            "tags": {
              "Name": "dmfl-sg"
            },
            "tags_all": {
              "Name": "dmfl-sg"
            },
            "timeouts": {
              "create": "10m",
              "delete": "15m"
            },
            "vpc_id": "vpc-037860ed8dd3d1a23"
          },
          "sensitive_attributes": [],
          "private": "eyJlMmJmYjczMC1lY2FhLTExZTYtOGY4OC0zNDM2M2JjN2M0YzAiOnsiY3JlYXRlIjo2MDAwMDAwMDAwMDAsImRlbGV0ZSI6OTAwMDAwMDAwMDAwfSwic2NoZW1hX3ZlcnNpb24iOiIxIn0=",
          "dependencies": [
            "module.dmfl_vpc.aws_vpc.this"
          ],
          "create_before_destroy": true
        }
      ]
    },
    {
      "module": "module.dmfl-security-group",
      "mode": "managed",
      "type": "aws_security_group_rule",
      "name": "ingress_rules",
      "provider": "provider[\"registry.terraform.io/hashicorp/aws\"]",
      "instances": [
        {
          "index_key": 0,
          "schema_version": 2,
          "attributes": {
            "cidr_blocks": [
              "0.0.0.0/0"
            ],
            "description": "SSH",
            "from_port": 22,
            "id": "sgrule-3984833983",
            "ipv6_cidr_blocks": [],
            "prefix_list_ids": [],
            "protocol": "tcp",
            "security_group_id": "sg-09dad35157727230d",
            "security_group_rule_id": "sgr-05d922fc92ff2733c",
            "self": false,
            "source_security_group_id": null,
            "timeouts": null,
            "to_port": 22,
            "type": "ingress"
          },
          "sensitive_attributes": [],
          "private": "eyJlMmJmYjczMC1lY2FhLTExZTYtOGY4OC0zNDM2M2JjN2M0YzAiOnsiY3JlYXRlIjozMDAwMDAwMDAwMDB9LCJzY2hlbWFfdmVyc2lvbiI6IjIifQ==",
          "dependencies": [
            "module.dmfl-security-group.aws_security_group.this",
            "module.dmfl-security-group.aws_security_group.this_name_prefix",
            "module.dmfl_vpc.aws_vpc.this"
          ]
        }
      ]
    },
    {
      "module": "module.dmfl_vpc",
      "mode": "managed",
      "type": "aws_default_network_acl",
      "name": "this",
      "provider": "provider[\"registry.terraform.io/hashicorp/aws\"]",
      "instances": [
        {
          "index_key": 0,
          "schema_version": 0,
          "attributes": {
            "arn": "arn:aws:ec2:us-east-1:880680561036:network-acl/acl-007fe9a3933149bea",
            "default_network_acl_id": "acl-007fe9a3933149bea",
            "egress": [
              {
                "action": "allow",
                "cidr_block": "",
                "from_port": 0,
                "icmp_code": 0,
                "icmp_type": 0,
                "ipv6_cidr_block": "::/0",
                "protocol": "-1",
                "rule_no": 101,
                "to_port": 0
              },
              {
                "action": "allow",
                "cidr_block": "0.0.0.0/0",
                "from_port": 0,
                "icmp_code": 0,
                "icmp_type": 0,
                "ipv6_cidr_block": "",
                "protocol": "-1",
                "rule_no": 100,
                "to_port": 0
              }
            ],
            "id": "acl-007fe9a3933149bea",
            "ingress": [
              {
                "action": "allow",
                "cidr_block": "",
                "from_port": 0,
                "icmp_code": 0,
                "icmp_type": 0,
                "ipv6_cidr_block": "::/0",
                "protocol": "-1",
                "rule_no": 101,
                "to_port": 0
              },
              {
                "action": "allow",
                "cidr_block": "0.0.0.0/0",
                "from_port": 0,
                "icmp_code": 0,
                "icmp_type": 0,
                "ipv6_cidr_block": "",
                "protocol": "-1",
                "rule_no": 100,
                "to_port": 0
              }
            ],
            "owner_id": "880680561036",
            "subnet_ids": [
              "subnet-0806bec261db32c88",
              "subnet-08d3ab5a718d86f08",
              "subnet-08f92931a6b118c2d",
              "subnet-0b8b44d06a2341cf9"
            ],
            "tags": {
              "Environment": "dev",
              "Name": "dmfl-vpc-default",
              "Terraform": "true"
            },
            "tags_all": {
              "Environment": "dev",
              "Name": "dmfl-vpc-default",
              "Terraform": "true"
            },
            "vpc_id": "vpc-037860ed8dd3d1a23"
          },
          "sensitive_attributes": [],
          "private": "bnVsbA==",
          "dependencies": [
            "module.dmfl_vpc.aws_vpc.this"
          ]
        }
      ]
    },
    {
      "module": "module.dmfl_vpc",
      "mode": "managed",
      "type": "aws_default_route_table",
      "name": "default",
      "provider": "provider[\"registry.terraform.io/hashicorp/aws\"]",
      "instances": [
        {
          "index_key": 0,
          "schema_version": 0,
          "attributes": {
            "arn": "arn:aws:ec2:us-east-1:880680561036:route-table/rtb-034c4b5669ab72d32",
            "default_route_table_id": "rtb-034c4b5669ab72d32",
            "id": "rtb-034c4b5669ab72d32",
            "owner_id": "880680561036",
            "propagating_vgws": [],
            "route": [],
            "tags": {
              "Environment": "dev",
              "Name": "dmfl-vpc-default",
              "Terraform": "true"
            },
            "tags_all": {
              "Environment": "dev",
              "Name": "dmfl-vpc-default",
              "Terraform": "true"
            },
            "timeouts": {
              "create": "5m",
              "update": "5m"
            },
            "vpc_id": "vpc-037860ed8dd3d1a23"
          },
          "sensitive_attributes": [],
          "private": "eyJlMmJmYjczMC1lY2FhLTExZTYtOGY4OC0zNDM2M2JjN2M0YzAiOnsiY3JlYXRlIjozMDAwMDAwMDAwMDAsInVwZGF0ZSI6MzAwMDAwMDAwMDAwfX0=",
          "dependencies": [
            "module.dmfl_vpc.aws_vpc.this"
          ]
        }
      ]
    },
    {
      "module": "module.dmfl_vpc",
      "mode": "managed",
      "type": "aws_default_security_group",
      "name": "this",
      "provider": "provider[\"registry.terraform.io/hashicorp/aws\"]",
      "instances": [
        {
          "index_key": 0,
          "schema_version": 1,
          "attributes": {
            "arn": "arn:aws:ec2:us-east-1:880680561036:security-group/sg-03d76f772bad2317a",
            "description": "default VPC security group",
            "egress": [],
            "id": "sg-03d76f772bad2317a",
            "ingress": [],
            "name": "default",
            "name_prefix": "",
            "owner_id": "880680561036",
            "revoke_rules_on_delete": false,
            "tags": {
              "Environment": "dev",
              "Name": "dmfl-vpc-default",
              "Terraform": "true"
            },
            "tags_all": {
              "Environment": "dev",
              "Name": "dmfl-vpc-default",
              "Terraform": "true"
            },
            "vpc_id": "vpc-037860ed8dd3d1a23"
          },
          "sensitive_attributes": [],
          "private": "eyJzY2hlbWFfdmVyc2lvbiI6IjEifQ==",
          "dependencies": [
            "module.dmfl_vpc.aws_vpc.this"
          ]
        }
      ]
    },
    {
      "module": "module.dmfl_vpc",
      "mode": "managed",
      "type": "aws_internet_gateway",
      "name": "this",
      "provider": "provider[\"registry.terraform.io/hashicorp/aws\"]",
      "instances": [
        {
          "index_key": 0,
          "schema_version": 0,
          "attributes": {
            "arn": "arn:aws:ec2:us-east-1:880680561036:internet-gateway/igw-04d2483f907a6f378",
            "id": "igw-04d2483f907a6f378",
            "owner_id": "880680561036",
            "tags": {
              "Environment": "dev",
              "Name": "dmfl-vpc",
              "Terraform": "true"
            },
            "tags_all": {
              "Environment": "dev",
              "Name": "dmfl-vpc",
              "Terraform": "true"
            },
            "timeouts": null,
            "vpc_id": "vpc-037860ed8dd3d1a23"
          },
          "sensitive_attributes": [],
          "private": "eyJlMmJmYjczMC1lY2FhLTExZTYtOGY4OC0zNDM2M2JjN2M0YzAiOnsiY3JlYXRlIjoxMjAwMDAwMDAwMDAwLCJkZWxldGUiOjEyMDAwMDAwMDAwMDAsInVwZGF0ZSI6MTIwMDAwMDAwMDAwMH19",
          "dependencies": [
            "module.dmfl_vpc.aws_vpc.this",
            "module.dmfl_vpc.aws_vpc_ipv4_cidr_block_association.this"
          ]
        }
      ]
    },
    {
      "module": "module.dmfl_vpc",
      "mode": "managed",
      "type": "aws_route",
      "name": "public_internet_gateway",
      "provider": "provider[\"registry.terraform.io/hashicorp/aws\"]",
      "instances": [
        {
          "index_key": 0,
          "schema_version": 0,
          "attributes": {
            "carrier_gateway_id": "",
            "core_network_arn": "",
            "destination_cidr_block": "0.0.0.0/0",
            "destination_ipv6_cidr_block": "",
            "destination_prefix_list_id": "",
            "egress_only_gateway_id": "",
            "gateway_id": "igw-04d2483f907a6f378",
            "id": "r-rtb-03d30fd1c027536c41080289494",
            "instance_id": "",
            "instance_owner_id": "",
            "local_gateway_id": "",
            "nat_gateway_id": "",
            "network_interface_id": "",
            "origin": "CreateRoute",
            "route_table_id": "rtb-03d30fd1c027536c4",
            "state": "active",
            "timeouts": {
              "create": "5m",
              "delete": null,
              "update": null
            },
            "transit_gateway_id": "",
            "vpc_endpoint_id": "",
            "vpc_peering_connection_id": ""
          },
          "sensitive_attributes": [],
          "private": "eyJlMmJmYjczMC1lY2FhLTExZTYtOGY4OC0zNDM2M2JjN2M0YzAiOnsiY3JlYXRlIjozMDAwMDAwMDAwMDAsImRlbGV0ZSI6MzAwMDAwMDAwMDAwLCJ1cGRhdGUiOjEyMDAwMDAwMDAwMH19",
          "dependencies": [
            "module.dmfl_vpc.aws_internet_gateway.this",
            "module.dmfl_vpc.aws_route_table.public",
            "module.dmfl_vpc.aws_vpc.this",
            "module.dmfl_vpc.aws_vpc_ipv4_cidr_block_association.this"
          ]
        }
      ]
    },
    {
      "module": "module.dmfl_vpc",
      "mode": "managed",
      "type": "aws_route_table",
      "name": "private",
      "provider": "provider[\"registry.terraform.io/hashicorp/aws\"]",
      "instances": [
        {
          "index_key": 0,
          "schema_version": 0,
          "attributes": {
            "arn": "arn:aws:ec2:us-east-1:880680561036:route-table/rtb-0b3970576d79d921b",
            "id": "rtb-0b3970576d79d921b",
            "owner_id": "880680561036",
            "propagating_vgws": [],
            "route": [],
            "tags": {
              "Environment": "dev",
              "Name": "dmfl-vpc-private-us-east-1c",
              "Terraform": "true"
            },
            "tags_all": {
              "Environment": "dev",
              "Name": "dmfl-vpc-private-us-east-1c",
              "Terraform": "true"
            },
            "timeouts": null,
            "vpc_id": "vpc-037860ed8dd3d1a23"
          },
          "sensitive_attributes": [],
          "private": "eyJlMmJmYjczMC1lY2FhLTExZTYtOGY4OC0zNDM2M2JjN2M0YzAiOnsiY3JlYXRlIjozMDAwMDAwMDAwMDAsImRlbGV0ZSI6MzAwMDAwMDAwMDAwLCJ1cGRhdGUiOjEyMDAwMDAwMDAwMH19",
          "dependencies": [
            "module.dmfl_vpc.aws_vpc.this",
            "module.dmfl_vpc.aws_vpc_ipv4_cidr_block_association.this"
          ]
        },
        {
          "index_key": 1,
          "schema_version": 0,
          "attributes": {
            "arn": "arn:aws:ec2:us-east-1:880680561036:route-table/rtb-03d5462605c10483d",
            "id": "rtb-03d5462605c10483d",
            "owner_id": "880680561036",
            "propagating_vgws": [],
            "route": [],
            "tags": {
              "Environment": "dev",
              "Name": "dmfl-vpc-private-us-east-1d",
              "Terraform": "true"
            },
            "tags_all": {
              "Environment": "dev",
              "Name": "dmfl-vpc-private-us-east-1d",
              "Terraform": "true"
            },
            "timeouts": null,
            "vpc_id": "vpc-037860ed8dd3d1a23"
          },
          "sensitive_attributes": [],
          "private": "eyJlMmJmYjczMC1lY2FhLTExZTYtOGY4OC0zNDM2M2JjN2M0YzAiOnsiY3JlYXRlIjozMDAwMDAwMDAwMDAsImRlbGV0ZSI6MzAwMDAwMDAwMDAwLCJ1cGRhdGUiOjEyMDAwMDAwMDAwMH19",
          "dependencies": [
            "module.dmfl_vpc.aws_vpc.this",
            "module.dmfl_vpc.aws_vpc_ipv4_cidr_block_association.this"
          ]
        }
      ]
    },
    {
      "module": "module.dmfl_vpc",
      "mode": "managed",
      "type": "aws_route_table",
      "name": "public",
      "provider": "provider[\"registry.terraform.io/hashicorp/aws\"]",
      "instances": [
        {
          "index_key": 0,
          "schema_version": 0,
          "attributes": {
            "arn": "arn:aws:ec2:us-east-1:880680561036:route-table/rtb-03d30fd1c027536c4",
            "id": "rtb-03d30fd1c027536c4",
            "owner_id": "880680561036",
            "propagating_vgws": [],
            "route": [
              {
                "carrier_gateway_id": "",
                "cidr_block": "0.0.0.0/0",
                "core_network_arn": "",
                "destination_prefix_list_id": "",
                "egress_only_gateway_id": "",
                "gateway_id": "igw-04d2483f907a6f378",
                "ipv6_cidr_block": "",
                "local_gateway_id": "",
                "nat_gateway_id": "",
                "network_interface_id": "",
                "transit_gateway_id": "",
                "vpc_endpoint_id": "",
                "vpc_peering_connection_id": ""
              }
            ],
            "tags": {
              "Environment": "dev",
              "Name": "dmfl-vpc-public",
              "Terraform": "true"
            },
            "tags_all": {
              "Environment": "dev",
              "Name": "dmfl-vpc-public",
              "Terraform": "true"
            },
            "timeouts": null,
            "vpc_id": "vpc-037860ed8dd3d1a23"
          },
          "sensitive_attributes": [],
          "private": "eyJlMmJmYjczMC1lY2FhLTExZTYtOGY4OC0zNDM2M2JjN2M0YzAiOnsiY3JlYXRlIjozMDAwMDAwMDAwMDAsImRlbGV0ZSI6MzAwMDAwMDAwMDAwLCJ1cGRhdGUiOjEyMDAwMDAwMDAwMH19",
          "dependencies": [
            "module.dmfl_vpc.aws_vpc.this",
            "module.dmfl_vpc.aws_vpc_ipv4_cidr_block_association.this"
          ]
        }
      ]
    },
    {
      "module": "module.dmfl_vpc",
      "mode": "managed",
      "type": "aws_route_table_association",
      "name": "private",
      "provider": "provider[\"registry.terraform.io/hashicorp/aws\"]",
      "instances": [
        {
          "index_key": 0,
          "schema_version": 0,
          "attributes": {
            "gateway_id": "",
            "id": "rtbassoc-0ec13118f4351783e",
            "route_table_id": "rtb-0b3970576d79d921b",
            "subnet_id": "subnet-0806bec261db32c88",
            "timeouts": null
          },
          "sensitive_attributes": [],
          "private": "eyJlMmJmYjczMC1lY2FhLTExZTYtOGY4OC0zNDM2M2JjN2M0YzAiOnsiY3JlYXRlIjozMDAwMDAwMDAwMDAsImRlbGV0ZSI6MzAwMDAwMDAwMDAwLCJ1cGRhdGUiOjEyMDAwMDAwMDAwMH19",
          "dependencies": [
            "module.dmfl_vpc.aws_route_table.private",
            "module.dmfl_vpc.aws_subnet.private",
            "module.dmfl_vpc.aws_vpc.this",
            "module.dmfl_vpc.aws_vpc_ipv4_cidr_block_association.this"
          ]
        },
        {
          "index_key": 1,
          "schema_version": 0,
          "attributes": {
            "gateway_id": "",
            "id": "rtbassoc-038c5e4d4ed25b6c0",
            "route_table_id": "rtb-03d5462605c10483d",
            "subnet_id": "subnet-0b8b44d06a2341cf9",
            "timeouts": null
          },
          "sensitive_attributes": [],
          "private": "eyJlMmJmYjczMC1lY2FhLTExZTYtOGY4OC0zNDM2M2JjN2M0YzAiOnsiY3JlYXRlIjozMDAwMDAwMDAwMDAsImRlbGV0ZSI6MzAwMDAwMDAwMDAwLCJ1cGRhdGUiOjEyMDAwMDAwMDAwMH19",
          "dependencies": [
            "module.dmfl_vpc.aws_route_table.private",
            "module.dmfl_vpc.aws_subnet.private",
            "module.dmfl_vpc.aws_vpc.this",
            "module.dmfl_vpc.aws_vpc_ipv4_cidr_block_association.this"
          ]
        }
      ]
    },
    {
      "module": "module.dmfl_vpc",
      "mode": "managed",
      "type": "aws_route_table_association",
      "name": "public",
      "provider": "provider[\"registry.terraform.io/hashicorp/aws\"]",
      "instances": [
        {
          "index_key": 0,
          "schema_version": 0,
          "attributes": {
            "gateway_id": "",
            "id": "rtbassoc-096b2a5932a13921a",
            "route_table_id": "rtb-03d30fd1c027536c4",
            "subnet_id": "subnet-08d3ab5a718d86f08",
            "timeouts": null
          },
          "sensitive_attributes": [],
          "private": "eyJlMmJmYjczMC1lY2FhLTExZTYtOGY4OC0zNDM2M2JjN2M0YzAiOnsiY3JlYXRlIjozMDAwMDAwMDAwMDAsImRlbGV0ZSI6MzAwMDAwMDAwMDAwLCJ1cGRhdGUiOjEyMDAwMDAwMDAwMH19",
          "dependencies": [
            "module.dmfl_vpc.aws_route_table.public",
            "module.dmfl_vpc.aws_subnet.public",
            "module.dmfl_vpc.aws_vpc.this",
            "module.dmfl_vpc.aws_vpc_ipv4_cidr_block_association.this"
          ]
        },
        {
          "index_key": 1,
          "schema_version": 0,
          "attributes": {
            "gateway_id": "",
            "id": "rtbassoc-0d8251f80c3c07a75",
            "route_table_id": "rtb-03d30fd1c027536c4",
            "subnet_id": "subnet-08f92931a6b118c2d",
            "timeouts": null
          },
          "sensitive_attributes": [],
          "private": "eyJlMmJmYjczMC1lY2FhLTExZTYtOGY4OC0zNDM2M2JjN2M0YzAiOnsiY3JlYXRlIjozMDAwMDAwMDAwMDAsImRlbGV0ZSI6MzAwMDAwMDAwMDAwLCJ1cGRhdGUiOjEyMDAwMDAwMDAwMH19",
          "dependencies": [
            "module.dmfl_vpc.aws_route_table.public",
            "module.dmfl_vpc.aws_subnet.public",
            "module.dmfl_vpc.aws_vpc.this",
            "module.dmfl_vpc.aws_vpc_ipv4_cidr_block_association.this"
          ]
        }
      ]
    },
    {
      "module": "module.dmfl_vpc",
      "mode": "managed",
      "type": "aws_subnet",
      "name": "private",
      "provider": "provider[\"registry.terraform.io/hashicorp/aws\"]",
      "instances": [
        {
          "index_key": 0,
          "schema_version": 1,
          "attributes": {
            "arn": "arn:aws:ec2:us-east-1:880680561036:subnet/subnet-0806bec261db32c88",
            "assign_ipv6_address_on_creation": false,
            "availability_zone": "us-east-1c",
            "availability_zone_id": "use1-az1",
            "cidr_block": "10.92.101.0/24",
            "customer_owned_ipv4_pool": "",
            "enable_dns64": false,
            "enable_lni_at_device_index": 0,
            "enable_resource_name_dns_a_record_on_launch": false,
            "enable_resource_name_dns_aaaa_record_on_launch": false,
            "id": "subnet-0806bec261db32c88",
            "ipv6_cidr_block": "",
            "ipv6_cidr_block_association_id": "",
            "ipv6_native": false,
            "map_customer_owned_ip_on_launch": false,
            "map_public_ip_on_launch": false,
            "outpost_arn": "",
            "owner_id": "880680561036",
            "private_dns_hostname_type_on_launch": "ip-name",
            "tags": {
              "Environment": "dev",
              "Name": "dmfl-vpc-private-us-east-1c",
              "Terraform": "true"
            },
            "tags_all": {
              "Environment": "dev",
              "Name": "dmfl-vpc-private-us-east-1c",
              "Terraform": "true"
            },
            "timeouts": null,
            "vpc_id": "vpc-037860ed8dd3d1a23"
          },
          "sensitive_attributes": [],
          "private": "eyJlMmJmYjczMC1lY2FhLTExZTYtOGY4OC0zNDM2M2JjN2M0YzAiOnsiY3JlYXRlIjo2MDAwMDAwMDAwMDAsImRlbGV0ZSI6MTIwMDAwMDAwMDAwMH0sInNjaGVtYV92ZXJzaW9uIjoiMSJ9",
          "dependencies": [
            "module.dmfl_vpc.aws_vpc.this",
            "module.dmfl_vpc.aws_vpc_ipv4_cidr_block_association.this"
          ]
        },
        {
          "index_key": 1,
          "schema_version": 1,
          "attributes": {
            "arn": "arn:aws:ec2:us-east-1:880680561036:subnet/subnet-0b8b44d06a2341cf9",
            "assign_ipv6_address_on_creation": false,
            "availability_zone": "us-east-1d",
            "availability_zone_id": "use1-az2",
            "cidr_block": "10.92.102.0/24",
            "customer_owned_ipv4_pool": "",
            "enable_dns64": false,
            "enable_lni_at_device_index": 0,
            "enable_resource_name_dns_a_record_on_launch": false,
            "enable_resource_name_dns_aaaa_record_on_launch": false,
            "id": "subnet-0b8b44d06a2341cf9",
            "ipv6_cidr_block": "",
            "ipv6_cidr_block_association_id": "",
            "ipv6_native": false,
            "map_customer_owned_ip_on_launch": false,
            "map_public_ip_on_launch": false,
            "outpost_arn": "",
            "owner_id": "880680561036",
            "private_dns_hostname_type_on_launch": "ip-name",
            "tags": {
              "Environment": "dev",
              "Name": "dmfl-vpc-private-us-east-1d",
              "Terraform": "true"
            },
            "tags_all": {
              "Environment": "dev",
              "Name": "dmfl-vpc-private-us-east-1d",
              "Terraform": "true"
            },
            "timeouts": null,
            "vpc_id": "vpc-037860ed8dd3d1a23"
          },
          "sensitive_attributes": [],
          "private": "eyJlMmJmYjczMC1lY2FhLTExZTYtOGY4OC0zNDM2M2JjN2M0YzAiOnsiY3JlYXRlIjo2MDAwMDAwMDAwMDAsImRlbGV0ZSI6MTIwMDAwMDAwMDAwMH0sInNjaGVtYV92ZXJzaW9uIjoiMSJ9",
          "dependencies": [
            "module.dmfl_vpc.aws_vpc.this",
            "module.dmfl_vpc.aws_vpc_ipv4_cidr_block_association.this"
          ]
        }
      ]
    },
    {
      "module": "module.dmfl_vpc",
      "mode": "managed",
      "type": "aws_subnet",
      "name": "public",
      "provider": "provider[\"registry.terraform.io/hashicorp/aws\"]",
      "instances": [
        {
          "index_key": 0,
          "schema_version": 1,
          "attributes": {
            "arn": "arn:aws:ec2:us-east-1:880680561036:subnet/subnet-08d3ab5a718d86f08",
            "assign_ipv6_address_on_creation": false,
            "availability_zone": "us-east-1c",
            "availability_zone_id": "use1-az1",
            "cidr_block": "10.92.1.0/24",
            "customer_owned_ipv4_pool": "",
            "enable_dns64": false,
            "enable_lni_at_device_index": 0,
            "enable_resource_name_dns_a_record_on_launch": false,
            "enable_resource_name_dns_aaaa_record_on_launch": false,
            "id": "subnet-08d3ab5a718d86f08",
            "ipv6_cidr_block": "",
            "ipv6_cidr_block_association_id": "",
            "ipv6_native": false,
            "map_customer_owned_ip_on_launch": false,
            "map_public_ip_on_launch": false,
            "outpost_arn": "",
            "owner_id": "880680561036",
            "private_dns_hostname_type_on_launch": "ip-name",
            "tags": {
              "Environment": "dev",
              "Name": "dmfl-vpc-public-us-east-1c",
              "Terraform": "true"
            },
            "tags_all": {
              "Environment": "dev",
              "Name": "dmfl-vpc-public-us-east-1c",
              "Terraform": "true"
            },
            "timeouts": null,
            "vpc_id": "vpc-037860ed8dd3d1a23"
          },
          "sensitive_attributes": [],
          "private": "eyJlMmJmYjczMC1lY2FhLTExZTYtOGY4OC0zNDM2M2JjN2M0YzAiOnsiY3JlYXRlIjo2MDAwMDAwMDAwMDAsImRlbGV0ZSI6MTIwMDAwMDAwMDAwMH0sInNjaGVtYV92ZXJzaW9uIjoiMSJ9",
          "dependencies": [
            "module.dmfl_vpc.aws_vpc.this",
            "module.dmfl_vpc.aws_vpc_ipv4_cidr_block_association.this"
          ]
        },
        {
          "index_key": 1,
          "schema_version": 1,
          "attributes": {
            "arn": "arn:aws:ec2:us-east-1:880680561036:subnet/subnet-08f92931a6b118c2d",
            "assign_ipv6_address_on_creation": false,
            "availability_zone": "us-east-1d",
            "availability_zone_id": "use1-az2",
            "cidr_block": "10.92.2.0/24",
            "customer_owned_ipv4_pool": "",
            "enable_dns64": false,
            "enable_lni_at_device_index": 0,
            "enable_resource_name_dns_a_record_on_launch": false,
            "enable_resource_name_dns_aaaa_record_on_launch": false,
            "id": "subnet-08f92931a6b118c2d",
            "ipv6_cidr_block": "",
            "ipv6_cidr_block_association_id": "",
            "ipv6_native": false,
            "map_customer_owned_ip_on_launch": false,
            "map_public_ip_on_launch": false,
            "outpost_arn": "",
            "owner_id": "880680561036",
            "private_dns_hostname_type_on_launch": "ip-name",
            "tags": {
              "Environment": "dev",
              "Name": "dmfl-vpc-public-us-east-1d",
              "Terraform": "true"
            },
            "tags_all": {
              "Environment": "dev",
              "Name": "dmfl-vpc-public-us-east-1d",
              "Terraform": "true"
            },
            "timeouts": null,
            "vpc_id": "vpc-037860ed8dd3d1a23"
          },
          "sensitive_attributes": [],
          "private": "eyJlMmJmYjczMC1lY2FhLTExZTYtOGY4OC0zNDM2M2JjN2M0YzAiOnsiY3JlYXRlIjo2MDAwMDAwMDAwMDAsImRlbGV0ZSI6MTIwMDAwMDAwMDAwMH0sInNjaGVtYV92ZXJzaW9uIjoiMSJ9",
          "dependencies": [
            "module.dmfl_vpc.aws_vpc.this",
            "module.dmfl_vpc.aws_vpc_ipv4_cidr_block_association.this"
          ]
        }
      ]
    },
    {
      "module": "module.dmfl_vpc",
      "mode": "managed",
      "type": "aws_vpc",
      "name": "this",
      "provider": "provider[\"registry.terraform.io/hashicorp/aws\"]",
      "instances": [
        {
          "index_key": 0,
          "schema_version": 1,
          "attributes": {
            "arn": "arn:aws:ec2:us-east-1:880680561036:vpc/vpc-037860ed8dd3d1a23",
            "assign_generated_ipv6_cidr_block": false,
            "cidr_block": "10.92.0.0/16",
            "default_network_acl_id": "acl-007fe9a3933149bea",
            "default_route_table_id": "rtb-034c4b5669ab72d32",
            "default_security_group_id": "sg-03d76f772bad2317a",
            "dhcp_options_id": "dopt-0907fc0cc563801a2",
            "enable_dns_hostnames": true,
            "enable_dns_support": true,
            "enable_network_address_usage_metrics": false,
            "id": "vpc-037860ed8dd3d1a23",
            "instance_tenancy": "default",
            "ipv4_ipam_pool_id": null,
            "ipv4_netmask_length": null,
            "ipv6_association_id": "",
            "ipv6_cidr_block": "",
            "ipv6_cidr_block_network_border_group": "",
            "ipv6_ipam_pool_id": "",
            "ipv6_netmask_length": 0,
            "main_route_table_id": "rtb-034c4b5669ab72d32",
            "owner_id": "880680561036",
            "tags": {
              "Environment": "dev",
              "Name": "dmfl-vpc",
              "Terraform": "true"
            },
            "tags_all": {
              "Environment": "dev",
              "Name": "dmfl-vpc",
              "Terraform": "true"
            }
          },
          "sensitive_attributes": [],
          "private": "eyJzY2hlbWFfdmVyc2lvbiI6IjEifQ==",
          "create_before_destroy": true
        }
      ]
    },
    {
      "module": "module.ec2-instance",
      "mode": "data",
      "type": "aws_partition",
      "name": "current",
      "provider": "provider[\"registry.terraform.io/hashicorp/aws\"]",
      "instances": [
        {
          "schema_version": 0,
          "attributes": {
            "dns_suffix": "amazonaws.com",
            "id": "aws",
            "partition": "aws",
            "reverse_dns_prefix": "com.amazonaws"
          },
          "sensitive_attributes": []
        }
      ]
    },
    {
      "module": "module.ec2-instance",
      "mode": "managed",
      "type": "aws_instance",
      "name": "this",
      "provider": "provider[\"registry.terraform.io/hashicorp/aws\"]",
      "instances": [
        {
          "index_key": 0,
          "schema_version": 1,
          "attributes": {
            "ami": "ami-0591e1c6a24d08458",
            "arn": "arn:aws:ec2:us-east-1:880680561036:instance/i-0d564ad99dae6aa08",
            "associate_public_ip_address": true,
            "availability_zone": "us-east-1c",
            "capacity_reservation_specification": [
              {
                "capacity_reservation_preference": "open",
                "capacity_reservation_target": []
              }
            ],
            "cpu_core_count": 1,
            "cpu_options": [
              {
                "amd_sev_snp": "",
                "core_count": 1,
                "threads_per_core": 2
              }
            ],
            "cpu_threads_per_core": 2,
            "credit_specification": [
              {
                "cpu_credits": "unlimited"
              }
            ],
            "disable_api_stop": false,
            "disable_api_termination": false,
            "ebs_block_device": [],
            "ebs_optimized": false,
            "enclave_options": [
              {
                "enabled": false
              }
            ],
            "ephemeral_block_device": [],
            "get_password_data": false,
            "hibernation": false,
            "host_id": "",
            "host_resource_group_arn": null,
            "iam_instance_profile": "",
            "id": "i-0d564ad99dae6aa08",
            "instance_initiated_shutdown_behavior": "stop",
            "instance_lifecycle": "",
            "instance_market_options": [],
            "instance_state": "running",
            "instance_type": "t3.micro",
            "ipv6_address_count": 0,
            "ipv6_addresses": [],
            "key_name": "dmfl-cloud-key-pair",
            "launch_template": [],
            "maintenance_options": [
              {
                "auto_recovery": "default"
              }
            ],
            "metadata_options": [
              {
                "http_endpoint": "enabled",
                "http_protocol_ipv6": "disabled",
                "http_put_response_hop_limit": 1,
                "http_tokens": "optional",
                "instance_metadata_tags": "disabled"
              }
            ],
            "monitoring": true,
            "network_interface": [],
            "outpost_arn": "",
            "password_data": "",
            "placement_group": "",
            "placement_partition_number": 0,
            "primary_network_interface_id": "eni-0902f5030734e65fc",
            "private_dns": "ip-10-92-1-140.ec2.internal",
            "private_dns_name_options": [
              {
                "enable_resource_name_dns_a_record": false,
                "enable_resource_name_dns_aaaa_record": false,
                "hostname_type": "ip-name"
              }
            ],
            "private_ip": "10.92.1.140",
            "public_dns": "ec2-44-200-222-78.compute-1.amazonaws.com",
            "public_ip": "44.200.222.78",
            "root_block_device": [
              {
                "delete_on_termination": true,
                "device_name": "/dev/xvda",
                "encrypted": true,
                "iops": 3000,
                "kms_key_id": "arn:aws:kms:us-east-1:880680561036:key/62381a01-4bf6-4044-89ad-c53153884ea5",
                "tags": null,
                "throughput": 125,
                "volume_id": "vol-0016c6f17c139f417",
                "volume_size": 20,
                "volume_type": "gp3"
              }
            ],
            "secondary_private_ips": [],
            "security_groups": [],
            "source_dest_check": true,
            "spot_instance_request_id": "",
            "subnet_id": "subnet-08d3ab5a718d86f08",
            "tags": {
              "Environment": "dev",
              "Name": "dmfl-backend-server",
              "Terraform": "true"
            },
            "tags_all": {
              "Environment": "dev",
              "Name": "dmfl-backend-server",
              "Terraform": "true"
            },
            "tenancy": "default",
            "timeouts": {
              "create": null,
              "delete": null,
              "update": null
            },
            "user_data": "7aac430f95d0bc5427864294519ab5a268000d71",
            "user_data_base64": null,
            "user_data_replace_on_change": false,
            "volume_tags": {
              "Name": "dmfl-backend-server"
            },
            "vpc_security_group_ids": [
              "sg-09dad35157727230d"
            ]
          },
          "sensitive_attributes": [],
          "private": "eyJlMmJmYjczMC1lY2FhLTExZTYtOGY4OC0zNDM2M2JjN2M0YzAiOnsiY3JlYXRlIjo2MDAwMDAwMDAwMDAsImRlbGV0ZSI6MTIwMDAwMDAwMDAwMCwidXBkYXRlIjo2MDAwMDAwMDAwMDB9LCJzY2hlbWFfdmVyc2lvbiI6IjEifQ==",
          "dependencies": [
            "aws_key_pair.key_pair",
            "data.aws_ami.amazon-linux-2",
            "module.dmfl-security-group.aws_security_group.this",
            "module.dmfl-security-group.aws_security_group.this_name_prefix",
            "module.dmfl_vpc.aws_subnet.public",
            "module.dmfl_vpc.aws_vpc.this",
            "module.dmfl_vpc.aws_vpc_ipv4_cidr_block_association.this",
            "module.ec2-instance.aws_iam_instance_profile.this",
            "module.ec2-instance.aws_iam_role.this",
            "module.ec2-instance.data.aws_iam_policy_document.assume_role_policy",
            "module.ec2-instance.data.aws_partition.current",
            "module.ec2-instance.data.aws_ssm_parameter.this",
            "tls_private_key.key_pair"
          ]
        }
      ]
    }
  ],
  "check_results": null
}
